# This file is automatically @generated by Poetry 1.4.1 and should not be changed by hand.

[[package]]
name = "dotenv"
version = "0.0.5"
description = "Handle .env files"
category = "main"
optional = false
python-versions = "*"
files = [
    {file = "dotenv-0.0.5.tar.gz", hash = "sha256:b58d2ab3f83dbd4f8a362b21158a606bee87317a9444485566b3c8f0af847091"},
]

[metadata]
lock-version = "2.0"
python-versions = "^3.8"
content-hash = "1a765154c318202256347cf763c129f3807273183b2e51b1f3c5973484408339"
